{
  "pins" : [
    {
      "identity" : "bits",
      "kind" : "remoteSourceControl",
      "location" : "https://github.com/OperatorFoundation/Bits.git",
      "state" : {
        "branch" : "main",
        "revision" : "bf60b26441a60f48651b1646e4c348b1b2d0b804"
      }
    },
    {
      "identity" : "datable",
      "kind" : "remoteSourceControl",
      "location" : "https://github.com/OperatorFoundation/Datable.git",
      "state" : {
        "branch" : "main",
        "revision" : "86118a922137267780fde547fc0b3cf8cd5a3134"
      }
    },
    {
      "identity" : "internetprotocols",
      "kind" : "remoteSourceControl",
      "location" : "https://github.com/OperatorFoundation/InternetProtocols.git",
      "state" : {
        "branch" : "main",
        "revision" : "2374b6678d302519af994c5ae265aa8de9465d37"
      }
    },
    {
      "identity" : "net",
      "kind" : "remoteSourceControl",
      "location" : "https://github.com/OperatorFoundation/Net.git",
      "state" : {
        "branch" : "main",
        "revision" : "c43bf17e1e9a099b89b4ce56768df3c68fbc12e1"
      }
    },
    {
      "identity" : "packetstream",
      "kind" : "remoteSourceControl",
      "location" : "https://github.com/OperatorFoundation/PacketStream.git",
      "state" : {
        "branch" : "main",
        "revision" : "2340145ec9c547f23aeb0464a3b230f6afaa529b"
      }
    },
    {
      "identity" : "swiftqueue",
      "kind" : "remoteSourceControl",
      "location" : "https://github.com/OperatorFoundation/SwiftQueue.git",
      "state" : {
        "branch" : "main",
        "revision" : "9f264b7f816b55b5b718f5187aa98c7397d28d81"
      }
    }
  ],
  "version" : 2
}
